{
  "name": "server",
  "lockfileVersion": 3,
  "requires": true,
  "packages": {
    "": {
      "dependencies": {
        "hrms-template-app": "file:.."
      }
    },
    "..": {
      "name": "hrms-template-app",
      "version": "0.1.0",
      "devDependencies": {
        "esbuild": "0.23.1"
      }
    },
    "node_modules/hrms-template-app": {
      "resolved": "..",
      "link": true
    }
  }
}
